// !$*UTF8*$!
{
	archiveVersion = 1;
	classes = {
	};
	objectVersion = 50;
	objects = {

/* Begin PBXBuildFile section */
		E657133E22B47BBC00C544C4 /* AppDelegate.swift in Sources */ = {isa = PBXBuildFile; fileRef = E657133D22B47BBC00C544C4 /* AppDelegate.swift */; };
		E657134322B47BBC00C544C4 /* Main.storyboard in Resources */ = {isa = PBXBuildFile; fileRef = E657134122B47BBC00C544C4 /* Main.storyboard */; };
		E657134522B47BBE00C544C4 /* Assets.xcassets in Resources */ = {isa = PBXBuildFile; fileRef = E657134422B47BBE00C544C4 /* Assets.xcassets */; };
		E657134822B47BBE00C544C4 /* LaunchScreen.storyboard in Resources */ = {isa = PBXBuildFile; fileRef = E657134622B47BBE00C544C4 /* LaunchScreen.storyboard */; };
		E657135522B47F9400C544C4 /* AddPokemonViewController.swift in Sources */ = {isa = PBXBuildFile; fileRef = E657135422B47F9400C544C4 /* AddPokemonViewController.swift */; };
		E657135722B47FA800C544C4 /* PokemonDetailViewController.swift in Sources */ = {isa = PBXBuildFile; fileRef = E657135622B47FA800C544C4 /* PokemonDetailViewController.swift */; };
		E657135922B47FC800C544C4 /* PokemonTableViewController.swift in Sources */ = {isa = PBXBuildFile; fileRef = E657135822B47FC800C544C4 /* PokemonTableViewController.swift */; };
		E657135D22B489B700C544C4 /* Pokemon.swift in Sources */ = {isa = PBXBuildFile; fileRef = E657135C22B489B700C544C4 /* Pokemon.swift */; };
		E657135F22B489C900C544C4 /* PokemonController.swift in Sources */ = {isa = PBXBuildFile; fileRef = E657135E22B489C900C544C4 /* PokemonController.swift */; };
/* End PBXBuildFile section */

/* Begin PBXFileReference section */
		E657133A22B47BBC00C544C4 /* SpintChallenge3.app */ = {isa = PBXFileReference; explicitFileType = wrapper.application; includeInIndex = 0; path = SpintChallenge3.app; sourceTree = BUILT_PRODUCTS_DIR; };
		E657133D22B47BBC00C544C4 /* AppDelegate.swift */ = {isa = PBXFileReference; lastKnownFileType = sourcecode.swift; path = AppDelegate.swift; sourceTree = "<group>"; };
		E657134222B47BBC00C544C4 /* Base */ = {isa = PBXFileReference; lastKnownFileType = file.storyboard; name = Base; path = Base.lproj/Main.storyboard; sourceTree = "<group>"; };
		E657134422B47BBE00C544C4 /* Assets.xcassets */ = {isa = PBXFileReference; lastKnownFileType = folder.assetcatalog; path = Assets.xcassets; sourceTree = "<group>"; };
		E657134722B47BBE00C544C4 /* Base */ = {isa = PBXFileReference; lastKnownFileType = file.storyboard; name = Base; path = Base.lproj/LaunchScreen.storyboard; sourceTree = "<group>"; };
		E657134922B47BBE00C544C4 /* Info.plist */ = {isa = PBXFileReference; lastKnownFileType = text.plist.xml; path = Info.plist; sourceTree = "<group>"; };
		E657135422B47F9400C544C4 /* AddPokemonViewController.swift */ = {isa = PBXFileReference; lastKnownFileType = sourcecode.swift; path = AddPokemonViewController.swift; sourceTree = "<group>"; };
		E657135622B47FA800C544C4 /* PokemonDetailViewController.swift */ = {isa = PBXFileReference; lastKnownFileType = sourcecode.swift; path = PokemonDetailViewController.swift; sourceTree = "<group>"; };
		E657135822B47FC800C544C4 /* PokemonTableViewController.swift */ = {isa = PBXFileReference; lastKnownFileType = sourcecode.swift; path = PokemonTableViewController.swift; sourceTree = "<group>"; };
		E657135C22B489B700C544C4 /* Pokemon.swift */ = {isa = PBXFileReference; lastKnownFileType = sourcecode.swift; path = Pokemon.swift; sourceTree = "<group>"; };
		E657135E22B489C900C544C4 /* PokemonController.swift */ = {isa = PBXFileReference; lastKnownFileType = sourcecode.swift; path = PokemonController.swift; sourceTree = "<group>"; };
/* End PBXFileReference section */

/* Begin PBXFrameworksBuildPhase section */
		E657133722B47BBC00C544C4 /* Frameworks */ = {
			isa = PBXFrameworksBuildPhase;
			buildActionMask = 2147483647;
			files = (
			);
			runOnlyForDeploymentPostprocessing = 0;
		};
/* End PBXFrameworksBuildPhase section */

/* Begin PBXGroup section */
		E657133122B47BBC00C544C4 = {
			isa = PBXGroup;
			children = (
				E657133C22B47BBC00C544C4 /* SpintChallenge3 */,
				E657133B22B47BBC00C544C4 /* Products */,
			);
			sourceTree = "<group>";
		};
		E657133B22B47BBC00C544C4 /* Products */ = {
			isa = PBXGroup;
			children = (
				E657133A22B47BBC00C544C4 /* SpintChallenge3.app */,
			);
			name = Products;
			sourceTree = "<group>";
		};
		E657133C22B47BBC00C544C4 /* SpintChallenge3 */ = {
			isa = PBXGroup;
			children = (
				E657135322B47C2000C544C4 /* View Controllers */,
				E657135222B47C1600C544C4 /* Model Controllers */,
				E657135122B47C1000C544C4 /* Model */,
				E657135022B47C0000C544C4 /* Storyboards */,
				E657134F22B47BD300C544C4 /* Resoureces */,
			);
			path = SpintChallenge3;
			sourceTree = "<group>";
		};
		E657134F22B47BD300C544C4 /* Resoureces */ = {
			isa = PBXGroup;
			children = (
				E657133D22B47BBC00C544C4 /* AppDelegate.swift */,
				E657134422B47BBE00C544C4 /* Assets.xcassets */,
				E657134922B47BBE00C544C4 /* Info.plist */,
			);
			path = Resoureces;
			sourceTree = "<group>";
		};
		E657135022B47C0000C544C4 /* Storyboards */ = {
			isa = PBXGroup;
			children = (
				E657134122B47BBC00C544C4 /* Main.storyboard */,
				E657134622B47BBE00C544C4 /* LaunchScreen.storyboard */,
			);
			path = Storyboards;
			sourceTree = "<group>";
		};
		E657135122B47C1000C544C4 /* Model */ = {
			isa = PBXGroup;
			children = (
				E657135C22B489B700C544C4 /* Pokemon.swift */,
			);
			path = Model;
			sourceTree = "<group>";
		};
		E657135222B47C1600C544C4 /* Model Controllers */ = {
			isa = PBXGroup;
			children = (
				E657135E22B489C900C544C4 /* PokemonController.swift */,
			);
			path = "Model Controllers";
			sourceTree = "<group>";
		};
		E657135322B47C2000C544C4 /* View Controllers */ = {
			isa = PBXGroup;
			children = (
				E657135422B47F9400C544C4 /* AddPokemonViewController.swift */,
				E657135622B47FA800C544C4 /* PokemonDetailViewController.swift */,
				E657135822B47FC800C544C4 /* PokemonTableViewController.swift */,
			);
			path = "View Controllers";
			sourceTree = "<group>";
		};
/* End PBXGroup section */

/* Begin PBXNativeTarget section */
		E657133922B47BBC00C544C4 /* SpintChallenge3 */ = {
			isa = PBXNativeTarget;
			buildConfigurationList = E657134C22B47BBE00C544C4 /* Build configuration list for PBXNativeTarget "SpintChallenge3" */;
			buildPhases = (
				E657133622B47BBC00C544C4 /* Sources */,
				E657133722B47BBC00C544C4 /* Frameworks */,
				E657133822B47BBC00C544C4 /* Resources */,
			);
			buildRules = (
			);
			dependencies = (
			);
			name = SpintChallenge3;
			productName = SpintChallenge3;
			productReference = E657133A22B47BBC00C544C4 /* SpintChallenge3.app */;
			productType = "com.apple.product-type.application";
		};
/* End PBXNativeTarget section */

/* Begin PBXProject section */
		E657133222B47BBC00C544C4 /* Project object */ = {
			isa = PBXProject;
			attributes = {
				LastSwiftUpdateCheck = 1020;
				LastUpgradeCheck = 1020;
				ORGANIZATIONNAME = "Enayatullah Naseri";
				TargetAttributes = {
					E657133922B47BBC00C544C4 = {
						CreatedOnToolsVersion = 10.2.1;
					};
				};
			};
			buildConfigurationList = E657133522B47BBC00C544C4 /* Build configuration list for PBXProject "SpintChallenge3" */;
			compatibilityVersion = "Xcode 9.3";
			developmentRegion = en;
			hasScannedForEncodings = 0;
			knownRegions = (
				en,
				Base,
			);
			mainGroup = E657133122B47BBC00C544C4;
			productRefGroup = E657133B22B47BBC00C544C4 /* Products */;
			projectDirPath = "";
			projectRoot = "";
			targets = (
				E657133922B47BBC00C544C4 /* SpintChallenge3 */,
			);
		};
/* End PBXProject section */

/* Begin PBXResourcesBuildPhase section */
		E657133822B47BBC00C544C4 /* Resources */ = {
			isa = PBXResourcesBuildPhase;
			buildActionMask = 2147483647;
			files = (
				E657134822B47BBE00C544C4 /* LaunchScreen.storyboard in Resources */,
				E657134522B47BBE00C544C4 /* Assets.xcassets in Resources */,
				E657134322B47BBC00C544C4 /* Main.storyboard in Resources */,
			);
			runOnlyForDeploymentPostprocessing = 0;
		};
/* End PBXResourcesBuildPhase section */

/* Begin PBXSourcesBuildPhase section */
		E657133622B47BBC00C544C4 /* Sources */ = {
			isa = PBXSourcesBuildPhase;
			buildActionMask = 2147483647;
			files = (
				E657135522B47F9400C544C4 /* AddPokemonViewController.swift in Sources */,
				E657135F22B489C900C544C4 /* PokemonController.swift in Sources */,
				E657133E22B47BBC00C544C4 /* AppDelegate.swift in Sources */,
				E657135922B47FC800C544C4 /* PokemonTableViewController.swift in Sources */,
				E657135722B47FA800C544C4 /* PokemonDetailViewController.swift in Sources */,
				E657135D22B489B700C544C4 /* Pokemon.swift in Sources */,
			);
			runOnlyForDeploymentPostprocessing = 0;
		};
/* End PBXSourcesBuildPhase section */

/* Begin PBXVariantGroup section */
		E657134122B47BBC00C544C4 /* Main.storyboard */ = {
			isa = PBXVariantGroup;
			children = (
				E657134222B47BBC00C544C4 /* Base */,
			);
			name = Main.storyboard;
			sourceTree = "<group>";
		};
		E657134622B47BBE00C544C4 /* LaunchScreen.storyboard */ = {
			isa = PBXVariantGroup;
			children = (
				E657134722B47BBE00C544C4 /* Base */,
			);
			name = LaunchScreen.storyboard;
			sourceTree = "<group>";
		};
/* End PBXVariantGroup section */

/* Begin XCBuildConfiguration section */
		E657134A22B47BBE00C544C4 /* Debug */ = {
			isa = XCBuildConfiguration;
			buildSettings = {
				ALWAYS_SEARCH_USER_PATHS = NO;
				CLANG_ANALYZER_NONNULL = YES;
				CLANG_ANALYZER_NUMBER_OBJECT_CONVERSION = YES_AGGRESSIVE;
				CLANG_CXX_LANGUAGE_STANDARD = "gnu++14";
				CLANG_CXX_LIBRARY = "libc++";
				CLANG_ENABLE_MODULES = YES;
				CLANG_ENABLE_OBJC_ARC = YES;
				CLANG_ENABLE_OBJC_WEAK = YES;
				CLANG_WARN_BLOCK_CAPTURE_AUTORELEASING = YES;
				CLANG_WARN_BOOL_CONVERSION = YES;
				CLANG_WARN_COMMA = YES;
				CLANG_WARN_CONSTANT_CONVERSION = YES;
				CLANG_WARN_DEPRECATED_OBJC_IMPLEMENTATIONS = YES;
				CLANG_WARN_DIRECT_OBJC_ISA_USAGE = YES_ERROR;
				CLANG_WARN_DOCUMENTATION_COMMENTS = YES;
				CLANG_WARN_EMPTY_BODY = YES;
				CLANG_WARN_ENUM_CONVERSION = YES;
				CLANG_WARN_INFINITE_RECURSION = YES;
				CLANG_WARN_INT_CONVERSION = YES;
				CLANG_WARN_NON_LITERAL_NULL_CONVERSION = YES;
				CLANG_WARN_OBJC_IMPLICIT_RETAIN_SELF = YES;
				CLANG_WARN_OBJC_LITERAL_CONVERSION = YES;
				CLANG_WARN_OBJC_ROOT_CLASS = YES_ERROR;
				CLANG_WARN_RANGE_LOOP_ANALYSIS = YES;
				CLANG_WARN_STRICT_PROTOTYPES = YES;
				CLANG_WARN_SUSPICIOUS_MOVE = YES;
				CLANG_WARN_UNGUARDED_AVAILABILITY = YES_AGGRESSIVE;
				CLANG_WARN_UNREACHABLE_CODE = YES;
				CLANG_WARN__DUPLICATE_METHOD_MATCH = YES;
				CODE_SIGN_IDENTITY = "iPhone Developer";
				COPY_PHASE_STRIP = NO;
				DEBUG_INFORMATION_FORMAT = dwarf;
				ENABLE_STRICT_OBJC_MSGSEND = YES;
				ENABLE_TESTABILITY = YES;
				GCC_C_LANGUAGE_STANDARD = gnu11;
				GCC_DYNAMIC_NO_PIC = NO;
				GCC_NO_COMMON_BLOCKS = YES;
				GCC_OPTIMIZATION_LEVEL = 0;
				GCC_PREPROCESSOR_DEFINITIONS = (
					"DEBUG=1",
					"$(inherited)",
				);
				GCC_WARN_64_TO_32_BIT_CONVERSION = YES;
				GCC_WARN_ABOUT_RETURN_TYPE = YES_ERROR;
				GCC_WARN_UNDECLARED_SELECTOR = YES;
				GCC_WARN_UNINITIALIZED_AUTOS = YES_AGGRESSIVE;
				GCC_WARN_UNUSED_FUNCTION = YES;
				GCC_WARN_UNUSED_VARIABLE = YES;
				IPHONEOS_DEPLOYMENT_TARGET = 12.2;
				MTL_ENABLE_DEBUG_INFO = INCLUDE_SOURCE;
				MTL_FAST_MATH = YES;
				ONLY_ACTIVE_ARCH = YES;
				SDKROOT = iphoneos;
				SWIFT_ACTIVE_COMPILATION_CONDITIONS = DEBUG;
				SWIFT_OPTIMIZATION_LEVEL = "-Onone";
			};
			name = Debug;
		};
		E657134B22B47BBE00C544C4 /* Release */ = {
			isa = XCBuildConfiguration;
			buildSettings = {
				ALWAYS_SEARCH_USER_PATHS = NO;
				CLANG_ANALYZER_NONNULL = YES;
				CLANG_ANALYZER_NUMBER_OBJECT_CONVERSION = YES_AGGRESSIVE;
				CLANG_CXX_LANGUAGE_STANDARD = "gnu++14";
				CLANG_CXX_LIBRARY = "libc++";
				CLANG_ENABLE_MODULES = YES;
				CLANG_ENABLE_OBJC_ARC = YES;
				CLANG_ENABLE_OBJC_WEAK = YES;
				CLANG_WARN_BLOCK_CAPTURE_AUTORELEASING = YES;
				CLANG_WARN_BOOL_CONVERSION = YES;
				CLANG_WARN_COMMA = YES;
				CLANG_WARN_CONSTANT_CONVERSION = YES;
				CLANG_WARN_DEPRECATED_OBJC_IMPLEMENTATIONS = YES;
				CLANG_WARN_DIRECT_OBJC_ISA_USAGE = YES_ERROR;
				CLANG_WARN_DOCUMENTATION_COMMENTS = YES;
				CLANG_WARN_EMPTY_BODY = YES;
				CLANG_WARN_ENUM_CONVERSION = YES;
				CLANG_WARN_INFINITE_RECURSION = YES;
				CLANG_WARN_INT_CONVERSION = YES;
				CLANG_WARN_NON_LITERAL_NULL_CONVERSION = YES;
				CLANG_WARN_OBJC_IMPLICIT_RETAIN_SELF = YES;
				CLANG_WARN_OBJC_LITERAL_CONVERSION = YES;
				CLANG_WARN_OBJC_ROOT_CLASS = YES_ERROR;
				CLANG_WARN_RANGE_LOOP_ANALYSIS = YES;
				CLANG_WARN_STRICT_PROTOTYPES = YES;
				CLANG_WARN_SUSPICIOUS_MOVE = YES;
				CLANG_WARN_UNGUARDED_AVAILABILITY = YES_AGGRESSIVE;
				CLANG_WARN_UNREACHABLE_CODE = YES;
				CLANG_WARN__DUPLICATE_METHOD_MATCH = YES;
				CODE_SIGN_IDENTITY = "iPhone Developer";
				COPY_PHASE_STRIP = NO;
				DEBUG_INFORMATION_FORMAT = "dwarf-with-dsym";
				ENABLE_NS_ASSERTIONS = NO;
				ENABLE_STRICT_OBJC_MSGSEND = YES;
				GCC_C_LANGUAGE_STANDARD = gnu11;
				GCC_NO_COMMON_BLOCKS = YES;
				GCC_WARN_64_TO_32_BIT_CONVERSION = YES;
				GCC_WARN_ABOUT_RETURN_TYPE = YES_ERROR;
				GCC_WARN_UNDECLARED_SELECTOR = YES;
				GCC_WARN_UNINITIALIZED_AUTOS = YES_AGGRESSIVE;
				GCC_WARN_UNUSED_FUNCTION = YES;
				GCC_WARN_UNUSED_VARIABLE = YES;
				IPHONEOS_DEPLOYMENT_TARGET = 12.2;
				MTL_ENABLE_DEBUG_INFO = NO;
				MTL_FAST_MATH = YES;
				SDKROOT = iphoneos;
				SWIFT_COMPILATION_MODE = wholemodule;
				SWIFT_OPTIMIZATION_LEVEL = "-O";
				VALIDATE_PRODUCT = YES;
			};
			name = Release;
		};
		E657134D22B47BBE00C544C4 /* Debug */ = {
			isa = XCBuildConfiguration;
			buildSettings = {
				ASSETCATALOG_COMPILER_APPICON_NAME = AppIcon;
				CODE_SIGN_STYLE = Automatic;
				DEVELOPMENT_TEAM = RV79Z7M4VT;
				INFOPLIST_FILE = "$(SRCROOT)/SpintChallenge3/Resoureces/Info.plist";
				LD_RUNPATH_SEARCH_PATHS = (
					"$(inherited)",
					"@executable_path/Frameworks",
				);
				PRODUCT_BUNDLE_IDENTIFIER = com.enayatullah.com.SpintChallenge3;
				PRODUCT_NAME = "$(TARGET_NAME)";
				SWIFT_VERSION = 5.0;
				TARGETED_DEVICE_FAMILY = "1,2";
			};
			name = Debug;
		};
		E657134E22B47BBE00C544C4 /* Release */ = {
			isa = XCBuildConfiguration;
			buildSettings = {
				ASSETCATALOG_COMPILER_APPICON_NAME = AppIcon;
				CODE_SIGN_STYLE = Automatic;
				DEVELOPMENT_TEAM = RV79Z7M4VT;
				INFOPLIST_FILE = "$(SRCROOT)/SpintChallenge3/Resoureces/Info.plist";
				LD_RUNPATH_SEARCH_PATHS = (
					"$(inherited)",
					"@executable_path/Frameworks",
				);
				PRODUCT_BUNDLE_IDENTIFIER = com.enayatullah.com.SpintChallenge3;
				PRODUCT_NAME = "$(TARGET_NAME)";
				SWIFT_VERSION = 5.0;
				TARGETED_DEVICE_FAMILY = "1,2";
			};
			name = Release;
		};
/* End XCBuildConfiguration section */

/* Begin XCConfigurationList section */
		E657133522B47BBC00C544C4 /* Build configuration list for PBXProject "SpintChallenge3" */ = {
			isa = XCConfigurationList;
			buildConfigurations = (
				E657134A22B47BBE00C544C4 /* Debug */,
				E657134B22B47BBE00C544C4 /* Release */,
			);
			defaultConfigurationIsVisible = 0;
			defaultConfigurationName = Release;
		};
		E657134C22B47BBE00C544C4 /* Build configuration list for PBXNativeTarget "SpintChallenge3" */ = {
			isa = XCConfigurationList;
			buildConfigurations = (
				E657134D22B47BBE00C544C4 /* Debug */,
				E657134E22B47BBE00C544C4 /* Release */,
			);
			defaultConfigurationIsVisible = 0;
			defaultConfigurationName = Release;
		};
/* End XCConfigurationList section */
	};
	rootObject = E657133222B47BBC00C544C4 /* Project object */;
}
